
Microsoft Visual Studio Solution File, Format Version 12.00
# Visual Studio 2015
Project("{FAE04EC0-301F-11D3-BF4B-00C04F79EFBC}") = "catch game", "catch game.csproj", "{BA5EE29D-5BAD-C954-A9D1-EB460AC05C8F}"
EndProject
Global
	GlobalSection(SolutionConfigurationPlatforms) = preSolution
		Debug|Any CPU = Debug|Any CPU
		Release|Any CPU = Release|Any CPU
	EndGlobalSection
	GlobalSection(ProjectConfigurationPlatforms) = postSolution
		{BA5EE29D-5BAD-C954-A9D1-EB460AC05C8F}.Debug|Any CPU.ActiveCfg = Debug|Any CPU
		{BA5EE29D-5BAD-C954-A9D1-EB460AC05C8F}.Debug|Any CPU.Build.0 = Debug|Any CPU
		{BA5EE29D-5BAD-C954-A9D1-EB460AC05C8F}.Release|Any CPU.ActiveCfg = Release|Any CPU
		{BA5EE29D-5BAD-C954-A9D1-EB460AC05C8F}.Release|Any CPU.Build.0 = Release|Any CPU
	EndGlobalSection
	GlobalSection(SolutionProperties) = preSolution
		HideSolutionNode = FALSE
	EndGlobalSection
EndGlobal
